{
  "requires": true,
  "lockfileVersion": 1,
  "dependencies": {
    "gitbook-plugin-youtubex": {
      "version": "2.0.3",
      "resolved": "https://registry.npmjs.org/gitbook-plugin-youtubex/-/gitbook-plugin-youtubex-2.0.3.tgz",
      "integrity": "sha1-+zScdEC1bWcLISPkR/2Ip/PBDRM="
    }
  }
}
